
Microsoft Visual Studio Solution File, Format Version 12.00
# Visual Studio Version 17
VisualStudioVersion = 17.14.37111.16 d17.14
MinimumVisualStudioVersion = 10.0.40219.1
Project("{FAE04EC0-301F-11D3-BF4B-00C04F79EFBC}") = "MyGame", "MyGame.csproj", "{5240A0C4-EDCB-4008-958F-DF1F5B6CC86E}"
EndProject
Global
	GlobalSection(SolutionConfigurationPlatforms) = preSolution
		Debug|Any CPU = Debug|Any CPU
		Release|Any CPU = Release|Any CPU
	EndGlobalSection
	GlobalSection(ProjectConfigurationPlatforms) = postSolution
		{5240A0C4-EDCB-4008-958F-DF1F5B6CC86E}.Debug|Any CPU.ActiveCfg = Debug|Any CPU
		{5240A0C4-EDCB-4008-958F-DF1F5B6CC86E}.Debug|Any CPU.Build.0 = Debug|Any CPU
		{5240A0C4-EDCB-4008-958F-DF1F5B6CC86E}.Release|Any CPU.ActiveCfg = Release|Any CPU
		{5240A0C4-EDCB-4008-958F-DF1F5B6CC86E}.Release|Any CPU.Build.0 = Release|Any CPU
	EndGlobalSection
	GlobalSection(SolutionProperties) = preSolution
		HideSolutionNode = FALSE
	EndGlobalSection
	GlobalSection(ExtensibilityGlobals) = postSolution
		SolutionGuid = {03556D3E-6B7D-4604-B436-51B3572A0737}
	EndGlobalSection
EndGlobal
